
Microsoft Visual Studio Solution File, Format Version 12.00
# Visual Studio Version 17
VisualStudioVersion = 17.14.36414.22 d17.14
MinimumVisualStudioVersion = 10.0.40219.1
Project("{FAE04EC0-301F-11D3-BF4B-00C04F79EFBC}") = "CVE_DashBoard_AndroCrypt", "CVE_DashBoard_AndroCrypt.csproj", "{CD0B1866-FC44-4ADB-9AE4-54CC5A957CDE}"
EndProject
Global
	GlobalSection(SolutionConfigurationPlatforms) = preSolution
		Debug|Any CPU = Debug|Any CPU
		Release|Any CPU = Release|Any CPU
	EndGlobalSection
	GlobalSection(ProjectConfigurationPlatforms) = postSolution
		{CD0B1866-FC44-4ADB-9AE4-54CC5A957CDE}.Debug|Any CPU.ActiveCfg = Debug|Any CPU
		{CD0B1866-FC44-4ADB-9AE4-54CC5A957CDE}.Debug|Any CPU.Build.0 = Debug|Any CPU
		{CD0B1866-FC44-4ADB-9AE4-54CC5A957CDE}.Release|Any CPU.ActiveCfg = Release|Any CPU
		{CD0B1866-FC44-4ADB-9AE4-54CC5A957CDE}.Release|Any CPU.Build.0 = Release|Any CPU
	EndGlobalSection
	GlobalSection(SolutionProperties) = preSolution
		HideSolutionNode = FALSE
	EndGlobalSection
	GlobalSection(ExtensibilityGlobals) = postSolution
		SolutionGuid = {433EBC4A-D661-4436-81FB-2ED9C24F9D7B}
	EndGlobalSection
EndGlobal
